PODS:
  - shared (1.0)

DEPENDENCIES:
  - shared (from `../example-app/shared.podspec`)

EXTERNAL SOURCES:
  shared:
    :path: "../example-app/shared.podspec"

SPEC CHECKSUMS:
  shared: 9299380e4f90099f609c1cd06377bf7b714f8a81

PODFILE CHECKSUM: 7108b8766386c01c31f6d241c7def5de3cd3b731

COCOAPODS: 1.15.2
