PODS:
  - shared (1.0)

DEPENDENCIES:
  - shared (from `../example-app/shared.podspec`)

EXTERNAL SOURCES:
  shared:
    :path: "../example-app/shared.podspec"

SPEC CHECKSUMS:
  shared: 63c62eaab398f1d2a30e3f73ae49c09cf25b6ac5

PODFILE CHECKSUM: ce05072de80b96bb4f86451d773061742b362b11

COCOAPODS: 1.16.2
